
Microsoft Visual Studio Solution File, Format Version 12.00
# Visual Studio Version 17
VisualStudioVersion = 17.6.33723.286
MinimumVisualStudioVersion = 10.0.40219.1
Project("{FAE04EC0-301F-11D3-BF4B-00C04F79EFBC}") = "MyCalculatorApp", "MyCalculatorApp\MyCalculatorApp.csproj", "{090951F1-1C05-470E-B5EC-BB1ADA81DA36}"
EndProject
Global
	GlobalSection(SolutionConfigurationPlatforms) = preSolution
		Debug|Any CPU = Debug|Any CPU
		Release|Any CPU = Release|Any CPU
	EndGlobalSection
	GlobalSection(ProjectConfigurationPlatforms) = postSolution
		{090951F1-1C05-470E-B5EC-BB1ADA81DA36}.Debug|Any CPU.ActiveCfg = Debug|Any CPU
		{090951F1-1C05-470E-B5EC-BB1ADA81DA36}.Debug|Any CPU.Build.0 = Debug|Any CPU
		{090951F1-1C05-470E-B5EC-BB1ADA81DA36}.Release|Any CPU.ActiveCfg = Release|Any CPU
		{090951F1-1C05-470E-B5EC-BB1ADA81DA36}.Release|Any CPU.Build.0 = Release|Any CPU
	EndGlobalSection
	GlobalSection(SolutionProperties) = preSolution
		HideSolutionNode = FALSE
	EndGlobalSection
	GlobalSection(ExtensibilityGlobals) = postSolution
		SolutionGuid = {2CADF2BC-87DC-4B9D-8C0A-D097AE1CD846}
	EndGlobalSection
EndGlobal
